// !$*UTF8*$!
{
	archiveVersion = 1;
	classes = {
	};
	objectVersion = 46;
	objects = {

/* Begin PBXBuildFile section */
		9BFD98CD1D57A509004341C3 /* AppDelegate.swift in Sources */ = {isa = PBXBuildFile; fileRef = 9BFD98CC1D57A509004341C3 /* AppDelegate.swift */; };
		9BFD98CF1D57A509004341C3 /* ViewController.swift in Sources */ = {isa = PBXBuildFile; fileRef = 9BFD98CE1D57A509004341C3 /* ViewController.swift */; };
		9BFD98D21D57A509004341C3 /* Main.storyboard in Resources */ = {isa = PBXBuildFile; fileRef = 9BFD98D01D57A509004341C3 /* Main.storyboard */; };
		9BFD98D51D57A509004341C3 /* Working_with_core_data.xcdatamodeld in Sources */ = {isa = PBXBuildFile; fileRef = 9BFD98D31D57A509004341C3 /* Working_with_core_data.xcdatamodeld */; };
		9BFD98D71D57A509004341C3 /* Assets.xcassets in Resources */ = {isa = PBXBuildFile; fileRef = 9BFD98D61D57A509004341C3 /* Assets.xcassets */; };
		9BFD98DA1D57A509004341C3 /* LaunchScreen.storyboard in Resources */ = {isa = PBXBuildFile; fileRef = 9BFD98D81D57A509004341C3 /* LaunchScreen.storyboard */; };
		9BFD98E51D57A509004341C3 /* Working_with_core_dataTests.swift in Sources */ = {isa = PBXBuildFile; fileRef = 9BFD98E41D57A509004341C3 /* Working_with_core_dataTests.swift */; };
		9BFD98F01D57A509004341C3 /* Working_with_core_dataUITests.swift in Sources */ = {isa = PBXBuildFile; fileRef = 9BFD98EF1D57A509004341C3 /* Working_with_core_dataUITests.swift */; };
/* End PBXBuildFile section */

/* Begin PBXContainerItemProxy section */
		9BFD98E11D57A509004341C3 /* PBXContainerItemProxy */ = {
			isa = PBXContainerItemProxy;
			containerPortal = 9BFD98C11D57A509004341C3 /* Project object */;
			proxyType = 1;
			remoteGlobalIDString = 9BFD98C81D57A509004341C3;
			remoteInfo = "Working with core data";
		};
		9BFD98EC1D57A509004341C3 /* PBXContainerItemProxy */ = {
			isa = PBXContainerItemProxy;
			containerPortal = 9BFD98C11D57A509004341C3 /* Project object */;
			proxyType = 1;
			remoteGlobalIDString = 9BFD98C81D57A509004341C3;
			remoteInfo = "Working with core data";
		};
/* End PBXContainerItemProxy section */

/* Begin PBXFileReference section */
		9BFD98C91D57A509004341C3 /* Working with core data.app */ = {isa = PBXFileReference; explicitFileType = wrapper.application; includeInIndex = 0; path = "Working with core data.app"; sourceTree = BUILT_PRODUCTS_DIR; };
		9BFD98CC1D57A509004341C3 /* AppDelegate.swift */ = {isa = PBXFileReference; lastKnownFileType = sourcecode.swift; path = AppDelegate.swift; sourceTree = "<group>"; };
		9BFD98CE1D57A509004341C3 /* ViewController.swift */ = {isa = PBXFileReference; lastKnownFileType = sourcecode.swift; path = ViewController.swift; sourceTree = "<group>"; };
		9BFD98D11D57A509004341C3 /* Base */ = {isa = PBXFileReference; lastKnownFileType = file.storyboard; name = Base; path = Base.lproj/Main.storyboard; sourceTree = "<group>"; };
		9BFD98D41D57A509004341C3 /* Working_with_core_data.xcdatamodel */ = {isa = PBXFileReference; lastKnownFileType = wrapper.xcdatamodel; path = Working_with_core_data.xcdatamodel; sourceTree = "<group>"; };
		9BFD98D61D57A509004341C3 /* Assets.xcassets */ = {isa = PBXFileReference; lastKnownFileType = folder.assetcatalog; path = Assets.xcassets; sourceTree = "<group>"; };
		9BFD98D91D57A509004341C3 /* Base */ = {isa = PBXFileReference; lastKnownFileType = file.storyboard; name = Base; path = Base.lproj/LaunchScreen.storyboard; sourceTree = "<group>"; };
		9BFD98DB1D57A509004341C3 /* Info.plist */ = {isa = PBXFileReference; lastKnownFileType = text.plist.xml; path = Info.plist; sourceTree = "<group>"; };
		9BFD98E01D57A509004341C3 /* Working with core dataTests.xctest */ = {isa = PBXFileReference; explicitFileType = wrapper.cfbundle; includeInIndex = 0; path = "Working with core dataTests.xctest"; sourceTree = BUILT_PRODUCTS_DIR; };
		9BFD98E41D57A509004341C3 /* Working_with_core_dataTests.swift */ = {isa = PBXFileReference; lastKnownFileType = sourcecode.swift; path = Working_with_core_dataTests.swift; sourceTree = "<group>"; };
		9BFD98E61D57A509004341C3 /* Info.plist */ = {isa = PBXFileReference; lastKnownFileType = text.plist.xml; path = Info.plist; sourceTree = "<group>"; };
		9BFD98EB1D57A509004341C3 /* Working with core dataUITests.xctest */ = {isa = PBXFileReference; explicitFileType = wrapper.cfbundle; includeInIndex = 0; path = "Working with core dataUITests.xctest"; sourceTree = BUILT_PRODUCTS_DIR; };
		9BFD98EF1D57A509004341C3 /* Working_with_core_dataUITests.swift */ = {isa = PBXFileReference; lastKnownFileType = sourcecode.swift; path = Working_with_core_dataUITests.swift; sourceTree = "<group>"; };
		9BFD98F11D57A509004341C3 /* Info.plist */ = {isa = PBXFileReference; lastKnownFileType = text.plist.xml; path = Info.plist; sourceTree = "<group>"; };
/* End PBXFileReference section */

/* Begin PBXFrameworksBuildPhase section */
		9BFD98C61D57A509004341C3 /* Frameworks */ = {
			isa = PBXFrameworksBuildPhase;
			buildActionMask = 2147483647;
			files = (
			);
			runOnlyForDeploymentPostprocessing = 0;
		};
		9BFD98DD1D57A509004341C3 /* Frameworks */ = {
			isa = PBXFrameworksBuildPhase;
			buildActionMask = 2147483647;
			files = (
			);
			runOnlyForDeploymentPostprocessing = 0;
		};
		9BFD98E81D57A509004341C3 /* Frameworks */ = {
			isa = PBXFrameworksBuildPhase;
			buildActionMask = 2147483647;
			files = (
			);
			runOnlyForDeploymentPostprocessing = 0;
		};
/* End PBXFrameworksBuildPhase section */

/* Begin PBXGroup section */
		9BFD98C01D57A509004341C3 = {
			isa = PBXGroup;
			children = (
				9BFD98CB1D57A509004341C3 /* Working with core data */,
				9BFD98E31D57A509004341C3 /* Working with core dataTests */,
				9BFD98EE1D57A509004341C3 /* Working with core dataUITests */,
				9BFD98CA1D57A509004341C3 /* Products */,
			);
			sourceTree = "<group>";
		};
		9BFD98CA1D57A509004341C3 /* Products */ = {
			isa = PBXGroup;
			children = (
				9BFD98C91D57A509004341C3 /* Working with core data.app */,
				9BFD98E01D57A509004341C3 /* Working with core dataTests.xctest */,
				9BFD98EB1D57A509004341C3 /* Working with core dataUITests.xctest */,
			);
			name = Products;
			sourceTree = "<group>";
		};
		9BFD98CB1D57A509004341C3 /* Working with core data */ = {
			isa = PBXGroup;
			children = (
				9BFD98CC1D57A509004341C3 /* AppDelegate.swift */,
				9BFD98CE1D57A509004341C3 /* ViewController.swift */,
				9BFD98D01D57A509004341C3 /* Main.storyboard */,
				9BFD98D61D57A509004341C3 /* Assets.xcassets */,
				9BFD98D81D57A509004341C3 /* LaunchScreen.storyboard */,
				9BFD98DB1D57A509004341C3 /* Info.plist */,
				9BFD98D31D57A509004341C3 /* Working_with_core_data.xcdatamodeld */,
			);
			path = "Working with core data";
			sourceTree = "<group>";
		};
		9BFD98E31D57A509004341C3 /* Working with core dataTests */ = {
			isa = PBXGroup;
			children = (
				9BFD98E41D57A509004341C3 /* Working_with_core_dataTests.swift */,
				9BFD98E61D57A509004341C3 /* Info.plist */,
			);
			path = "Working with core dataTests";
			sourceTree = "<group>";
		};
		9BFD98EE1D57A509004341C3 /* Working with core dataUITests */ = {
			isa = PBXGroup;
			children = (
				9BFD98EF1D57A509004341C3 /* Working_with_core_dataUITests.swift */,
				9BFD98F11D57A509004341C3 /* Info.plist */,
			);
			path = "Working with core dataUITests";
			sourceTree = "<group>";
		};
/* End PBXGroup section */

/* Begin PBXNativeTarget section */
		9BFD98C81D57A509004341C3 /* Working with core data */ = {
			isa = PBXNativeTarget;
			buildConfigurationList = 9BFD98F41D57A509004341C3 /* Build configuration list for PBXNativeTarget "Working with core data" */;
			buildPhases = (
				9BFD98C51D57A509004341C3 /* Sources */,
				9BFD98C61D57A509004341C3 /* Frameworks */,
				9BFD98C71D57A509004341C3 /* Resources */,
			);
			buildRules = (
			);
			dependencies = (
			);
			name = "Working with core data";
			productName = "Working with core data";
			productReference = 9BFD98C91D57A509004341C3 /* Working with core data.app */;
			productType = "com.apple.product-type.application";
		};
		9BFD98DF1D57A509004341C3 /* Working with core dataTests */ = {
			isa = PBXNativeTarget;
			buildConfigurationList = 9BFD98F71D57A509004341C3 /* Build configuration list for PBXNativeTarget "Working with core dataTests" */;
			buildPhases = (
				9BFD98DC1D57A509004341C3 /* Sources */,
				9BFD98DD1D57A509004341C3 /* Frameworks */,
				9BFD98DE1D57A509004341C3 /* Resources */,
			);
			buildRules = (
			);
			dependencies = (
				9BFD98E21D57A509004341C3 /* PBXTargetDependency */,
			);
			name = "Working with core dataTests";
			productName = "Working with core dataTests";
			productReference = 9BFD98E01D57A509004341C3 /* Working with core dataTests.xctest */;
			productType = "com.apple.product-type.bundle.unit-test";
		};
		9BFD98EA1D57A509004341C3 /* Working with core dataUITests */ = {
			isa = PBXNativeTarget;
			buildConfigurationList = 9BFD98FA1D57A509004341C3 /* Build configuration list for PBXNativeTarget "Working with core dataUITests" */;
			buildPhases = (
				9BFD98E71D57A509004341C3 /* Sources */,
				9BFD98E81D57A509004341C3 /* Frameworks */,
				9BFD98E91D57A509004341C3 /* Resources */,
			);
			buildRules = (
			);
			dependencies = (
				9BFD98ED1D57A509004341C3 /* PBXTargetDependency */,
			);
			name = "Working with core dataUITests";
			productName = "Working with core dataUITests";
			productReference = 9BFD98EB1D57A509004341C3 /* Working with core dataUITests.xctest */;
			productType = "com.apple.product-type.bundle.ui-testing";
		};
/* End PBXNativeTarget section */

/* Begin PBXProject section */
		9BFD98C11D57A509004341C3 /* Project object */ = {
			isa = PBXProject;
			attributes = {
				LastSwiftUpdateCheck = 0730;
				LastUpgradeCheck = 0730;
				ORGANIZATIONNAME = "James Brown";
				TargetAttributes = {
					9BFD98C81D57A509004341C3 = {
						CreatedOnToolsVersion = 7.3.1;
					};
					9BFD98DF1D57A509004341C3 = {
						CreatedOnToolsVersion = 7.3.1;
						TestTargetID = 9BFD98C81D57A509004341C3;
					};
					9BFD98EA1D57A509004341C3 = {
						CreatedOnToolsVersion = 7.3.1;
						TestTargetID = 9BFD98C81D57A509004341C3;
					};
				};
			};
			buildConfigurationList = 9BFD98C41D57A509004341C3 /* Build configuration list for PBXProject "Working with core data" */;
			compatibilityVersion = "Xcode 3.2";
			developmentRegion = English;
			hasScannedForEncodings = 0;
			knownRegions = (
				en,
				Base,
			);
			mainGroup = 9BFD98C01D57A509004341C3;
			productRefGroup = 9BFD98CA1D57A509004341C3 /* Products */;
			projectDirPath = "";
			projectRoot = "";
			targets = (
				9BFD98C81D57A509004341C3 /* Working with core data */,
				9BFD98DF1D57A509004341C3 /* Working with core dataTests */,
				9BFD98EA1D57A509004341C3 /* Working with core dataUITests */,
			);
		};
/* End PBXProject section */

/* Begin PBXResourcesBuildPhase section */
		9BFD98C71D57A509004341C3 /* Resources */ = {
			isa = PBXResourcesBuildPhase;
			buildActionMask = 2147483647;
			files = (
				9BFD98DA1D57A509004341C3 /* LaunchScreen.storyboard in Resources */,
				9BFD98D71D57A509004341C3 /* Assets.xcassets in Resources */,
				9BFD98D21D57A509004341C3 /* Main.storyboard in Resources */,
			);
			runOnlyForDeploymentPostprocessing = 0;
		};
		9BFD98DE1D57A509004341C3 /* Resources */ = {
			isa = PBXResourcesBuildPhase;
			buildActionMask = 2147483647;
			files = (
			);
			runOnlyForDeploymentPostprocessing = 0;
		};
		9BFD98E91D57A509004341C3 /* Resources */ = {
			isa = PBXResourcesBuildPhase;
			buildActionMask = 2147483647;
			files = (
			);
			runOnlyForDeploymentPostprocessing = 0;
		};
/* End PBXResourcesBuildPhase section */

/* Begin PBXSourcesBuildPhase section */
		9BFD98C51D57A509004341C3 /* Sources */ = {
			isa = PBXSourcesBuildPhase;
			buildActionMask = 2147483647;
			files = (
				9BFD98D51D57A509004341C3 /* Working_with_core_data.xcdatamodeld in Sources */,
				9BFD98CF1D57A509004341C3 /* ViewController.swift in Sources */,
				9BFD98CD1D57A509004341C3 /* AppDelegate.swift in Sources */,
			);
			runOnlyForDeploymentPostprocessing = 0;
		};
		9BFD98DC1D57A509004341C3 /* Sources */ = {
			isa = PBXSourcesBuildPhase;
			buildActionMask = 2147483647;
			files = (
				9BFD98E51D57A509004341C3 /* Working_with_core_dataTests.swift in Sources */,
			);
			runOnlyForDeploymentPostprocessing = 0;
		};
		9BFD98E71D57A509004341C3 /* Sources */ = {
			isa = PBXSourcesBuildPhase;
			buildActionMask = 2147483647;
			files = (
				9BFD98F01D57A509004341C3 /* Working_with_core_dataUITests.swift in Sources */,
			);
			runOnlyForDeploymentPostprocessing = 0;
		};
/* End PBXSourcesBuildPhase section */

/* Begin PBXTargetDependency section */
		9BFD98E21D57A509004341C3 /* PBXTargetDependency */ = {
			isa = PBXTargetDependency;
			target = 9BFD98C81D57A509004341C3 /* Working with core data */;
			targetProxy = 9BFD98E11D57A509004341C3 /* PBXContainerItemProxy */;
		};
		9BFD98ED1D57A509004341C3 /* PBXTargetDependency */ = {
			isa = PBXTargetDependency;
			target = 9BFD98C81D57A509004341C3 /* Working with core data */;
			targetProxy = 9BFD98EC1D57A509004341C3 /* PBXContainerItemProxy */;
		};
/* End PBXTargetDependency section */

/* Begin PBXVariantGroup section */
		9BFD98D01D57A509004341C3 /* Main.storyboard */ = {
			isa = PBXVariantGroup;
			children = (
				9BFD98D11D57A509004341C3 /* Base */,
			);
			name = Main.storyboard;
			sourceTree = "<group>";
		};
		9BFD98D81D57A509004341C3 /* LaunchScreen.storyboard */ = {
			isa = PBXVariantGroup;
			children = (
				9BFD98D91D57A509004341C3 /* Base */,
			);
			name = LaunchScreen.storyboard;
			sourceTree = "<group>";
		};
/* End PBXVariantGroup section */

/* Begin XCBuildConfiguration section */
		9BFD98F21D57A509004341C3 /* Debug */ = {
			isa = XCBuildConfiguration;
			buildSettings = {
				ALWAYS_SEARCH_USER_PATHS = NO;
				CLANG_ANALYZER_NONNULL = YES;
				CLANG_CXX_LANGUAGE_STANDARD = "gnu++0x";
				CLANG_CXX_LIBRARY = "libc++";
				CLANG_ENABLE_MODULES = YES;
				CLANG_ENABLE_OBJC_ARC = YES;
				CLANG_WARN_BOOL_CONVERSION = YES;
				CLANG_WARN_CONSTANT_CONVERSION = YES;
				CLANG_WARN_DIRECT_OBJC_ISA_USAGE = YES_ERROR;
				CLANG_WARN_EMPTY_BODY = YES;
				CLANG_WARN_ENUM_CONVERSION = YES;
				CLANG_WARN_INT_CONVERSION = YES;
				CLANG_WARN_OBJC_ROOT_CLASS = YES_ERROR;
				CLANG_WARN_UNREACHABLE_CODE = YES;
				CLANG_WARN__DUPLICATE_METHOD_MATCH = YES;
				"CODE_SIGN_IDENTITY[sdk=iphoneos*]" = "iPhone Developer";
				COPY_PHASE_STRIP = NO;
				DEBUG_INFORMATION_FORMAT = dwarf;
				ENABLE_STRICT_OBJC_MSGSEND = YES;
				ENABLE_TESTABILITY = YES;
				GCC_C_LANGUAGE_STANDARD = gnu99;
				GCC_DYNAMIC_NO_PIC = NO;
				GCC_NO_COMMON_BLOCKS = YES;
				GCC_OPTIMIZATION_LEVEL = 0;
				GCC_PREPROCESSOR_DEFINITIONS = (
					"DEBUG=1",
					"$(inherited)",
				);
				GCC_WARN_64_TO_32_BIT_CONVERSION = YES;
				GCC_WARN_ABOUT_RETURN_TYPE = YES_ERROR;
				GCC_WARN_UNDECLARED_SELECTOR = YES;
				GCC_WARN_UNINITIALIZED_AUTOS = YES_AGGRESSIVE;
				GCC_WARN_UNUSED_FUNCTION = YES;
				GCC_WARN_UNUSED_VARIABLE = YES;
				IPHONEOS_DEPLOYMENT_TARGET = 9.3;
				MTL_ENABLE_DEBUG_INFO = YES;
				ONLY_ACTIVE_ARCH = YES;
				SDKROOT = iphoneos;
				SWIFT_OPTIMIZATION_LEVEL = "-Onone";
				TARGETED_DEVICE_FAMILY = "1,2";
			};
			name = Debug;
		};
		9BFD98F31D57A509004341C3 /* Release */ = {
			isa = XCBuildConfiguration;
			buildSettings = {
				ALWAYS_SEARCH_USER_PATHS = NO;
				CLANG_ANALYZER_NONNULL = YES;
				CLANG_CXX_LANGUAGE_STANDARD = "gnu++0x";
				CLANG_CXX_LIBRARY = "libc++";
				CLANG_ENABLE_MODULES = YES;
				CLANG_ENABLE_OBJC_ARC = YES;
				CLANG_WARN_BOOL_CONVERSION = YES;
				CLANG_WARN_CONSTANT_CONVERSION = YES;
				CLANG_WARN_DIRECT_OBJC_ISA_USAGE = YES_ERROR;
				CLANG_WARN_EMPTY_BODY = YES;
				CLANG_WARN_ENUM_CONVERSION = YES;
				CLANG_WARN_INT_CONVERSION = YES;
				CLANG_WARN_OBJC_ROOT_CLASS = YES_ERROR;
				CLANG_WARN_UNREACHABLE_CODE = YES;
				CLANG_WARN__DUPLICATE_METHOD_MATCH = YES;
				"CODE_SIGN_IDENTITY[sdk=iphoneos*]" = "iPhone Developer";
				COPY_PHASE_STRIP = NO;
				DEBUG_INFORMATION_FORMAT = "dwarf-with-dsym";
				ENABLE_NS_ASSERTIONS = NO;
				ENABLE_STRICT_OBJC_MSGSEND = YES;
				GCC_C_LANGUAGE_STANDARD = gnu99;
				GCC_NO_COMMON_BLOCKS = YES;
				GCC_WARN_64_TO_32_BIT_CONVERSION = YES;
				GCC_WARN_ABOUT_RETURN_TYPE = YES_ERROR;
				GCC_WARN_UNDECLARED_SELECTOR = YES;
				GCC_WARN_UNINITIALIZED_AUTOS = YES_AGGRESSIVE;
				GCC_WARN_UNUSED_FUNCTION = YES;
				GCC_WARN_UNUSED_VARIABLE = YES;
				IPHONEOS_DEPLOYMENT_TARGET = 9.3;
				MTL_ENABLE_DEBUG_INFO = NO;
				SDKROOT = iphoneos;
				TARGETED_DEVICE_FAMILY = "1,2";
				VALIDATE_PRODUCT = YES;
			};
			name = Release;
		};
		9BFD98F51D57A509004341C3 /* Debug */ = {
			isa = XCBuildConfiguration;
			buildSettings = {
				ASSETCATALOG_COMPILER_APPICON_NAME = AppIcon;
				INFOPLIST_FILE = "Working with core data/Info.plist";
				LD_RUNPATH_SEARCH_PATHS = "$(inherited) @executable_path/Frameworks";
				PRODUCT_BUNDLE_IDENTIFIER = "com.example.Working-with-core-data";
				PRODUCT_NAME = "$(TARGET_NAME)";
			};
			name = Debug;
		};
		9BFD98F61D57A509004341C3 /* Release */ = {
			isa = XCBuildConfiguration;
			buildSettings = {
				ASSETCATALOG_COMPILER_APPICON_NAME = AppIcon;
				INFOPLIST_FILE = "Working with core data/Info.plist";
				LD_RUNPATH_SEARCH_PATHS = "$(inherited) @executable_path/Frameworks";
				PRODUCT_BUNDLE_IDENTIFIER = "com.example.Working-with-core-data";
				PRODUCT_NAME = "$(TARGET_NAME)";
			};
			name = Release;
		};
		9BFD98F81D57A509004341C3 /* Debug */ = {
			isa = XCBuildConfiguration;
			buildSettings = {
				BUNDLE_LOADER = "$(TEST_HOST)";
				INFOPLIST_FILE = "Working with core dataTests/Info.plist";
				LD_RUNPATH_SEARCH_PATHS = "$(inherited) @executable_path/Frameworks @loader_path/Frameworks";
				PRODUCT_BUNDLE_IDENTIFIER = "com.example.Working-with-core-dataTests";
				PRODUCT_NAME = "$(TARGET_NAME)";
				TEST_HOST = "$(BUILT_PRODUCTS_DIR)/Working with core data.app/Working with core data";
			};
			name = Debug;
		};
		9BFD98F91D57A509004341C3 /* Release */ = {
			isa = XCBuildConfiguration;
			buildSettings = {
				BUNDLE_LOADER = "$(TEST_HOST)";
				INFOPLIST_FILE = "Working with core dataTests/Info.plist";
				LD_RUNPATH_SEARCH_PATHS = "$(inherited) @executable_path/Frameworks @loader_path/Frameworks";
				PRODUCT_BUNDLE_IDENTIFIER = "com.example.Working-with-core-dataTests";
				PRODUCT_NAME = "$(TARGET_NAME)";
				TEST_HOST = "$(BUILT_PRODUCTS_DIR)/Working with core data.app/Working with core data";
			};
			name = Release;
		};
		9BFD98FB1D57A509004341C3 /* Debug */ = {
			isa = XCBuildConfiguration;
			buildSettings = {
				INFOPLIST_FILE = "Working with core dataUITests/Info.plist";
				LD_RUNPATH_SEARCH_PATHS = "$(inherited) @executable_path/Frameworks @loader_path/Frameworks";
				PRODUCT_BUNDLE_IDENTIFIER = "com.example.Working-with-core-dataUITests";
				PRODUCT_NAME = "$(TARGET_NAME)";
				TEST_TARGET_NAME = "Working with core data";
			};
			name = Debug;
		};
		9BFD98FC1D57A509004341C3 /* Release */ = {
			isa = XCBuildConfiguration;
			buildSettings = {
				INFOPLIST_FILE = "Working with core dataUITests/Info.plist";
				LD_RUNPATH_SEARCH_PATHS = "$(inherited) @executable_path/Frameworks @loader_path/Frameworks";
				PRODUCT_BUNDLE_IDENTIFIER = "com.example.Working-with-core-dataUITests";
				PRODUCT_NAME = "$(TARGET_NAME)";
				TEST_TARGET_NAME = "Working with core data";
			};
			name = Release;
		};
/* End XCBuildConfiguration section */

/* Begin XCConfigurationList section */
		9BFD98C41D57A509004341C3 /* Build configuration list for PBXProject "Working with core data" */ = {
			isa = XCConfigurationList;
			buildConfigurations = (
				9BFD98F21D57A509004341C3 /* Debug */,
				9BFD98F31D57A509004341C3 /* Release */,
			);
			defaultConfigurationIsVisible = 0;
			defaultConfigurationName = Release;
		};
		9BFD98F41D57A509004341C3 /* Build configuration list for PBXNativeTarget "Working with core data" */ = {
			isa = XCConfigurationList;
			buildConfigurations = (
				9BFD98F51D57A509004341C3 /* Debug */,
				9BFD98F61D57A509004341C3 /* Release */,
			);
			defaultConfigurationIsVisible = 0;
		};
		9BFD98F71D57A509004341C3 /* Build configuration list for PBXNativeTarget "Working with core dataTests" */ = {
			isa = XCConfigurationList;
			buildConfigurations = (
				9BFD98F81D57A509004341C3 /* Debug */,
				9BFD98F91D57A509004341C3 /* Release */,
			);
			defaultConfigurationIsVisible = 0;
		};
		9BFD98FA1D57A509004341C3 /* Build configuration list for PBXNativeTarget "Working with core dataUITests" */ = {
			isa = XCConfigurationList;
			buildConfigurations = (
				9BFD98FB1D57A509004341C3 /* Debug */,
				9BFD98FC1D57A509004341C3 /* Release */,
			);
			defaultConfigurationIsVisible = 0;
		};
/* End XCConfigurationList section */

/* Begin XCVersionGroup section */
		9BFD98D31D57A509004341C3 /* Working_with_core_data.xcdatamodeld */ = {
			isa = XCVersionGroup;
			children = (
				9BFD98D41D57A509004341C3 /* Working_with_core_data.xcdatamodel */,
			);
			currentVersion = 9BFD98D41D57A509004341C3 /* Working_with_core_data.xcdatamodel */;
			path = Working_with_core_data.xcdatamodeld;
			sourceTree = "<group>";
			versionGroupType = wrapper.xcdatamodel;
		};
/* End XCVersionGroup section */
	};
	rootObject = 9BFD98C11D57A509004341C3 /* Project object */;
}
