// !$*UTF8*$!
{
	archiveVersion = 1;
	classes = {
	};
	objectVersion = 46;
	objects = {

/* Begin PBXBuildFile section */
		9BC472821D611236004D758A /* AppDelegate.swift in Sources */ = {isa = PBXBuildFile; fileRef = 9BC472811D611236004D758A /* AppDelegate.swift */; };
		9BC472841D611236004D758A /* ViewController.swift in Sources */ = {isa = PBXBuildFile; fileRef = 9BC472831D611236004D758A /* ViewController.swift */; };
		9BC472871D611236004D758A /* Main.storyboard in Resources */ = {isa = PBXBuildFile; fileRef = 9BC472851D611236004D758A /* Main.storyboard */; };
		9BC4728A1D611236004D758A /* TableViewsAPp.xcdatamodeld in Sources */ = {isa = PBXBuildFile; fileRef = 9BC472881D611236004D758A /* TableViewsAPp.xcdatamodeld */; };
		9BC4728C1D611236004D758A /* Assets.xcassets in Resources */ = {isa = PBXBuildFile; fileRef = 9BC4728B1D611236004D758A /* Assets.xcassets */; };
		9BC4728F1D611236004D758A /* LaunchScreen.storyboard in Resources */ = {isa = PBXBuildFile; fileRef = 9BC4728D1D611236004D758A /* LaunchScreen.storyboard */; };
		9BC4729A1D611236004D758A /* TableViewsAPpTests.swift in Sources */ = {isa = PBXBuildFile; fileRef = 9BC472991D611236004D758A /* TableViewsAPpTests.swift */; };
		9BC472A51D611236004D758A /* TableViewsAPpUITests.swift in Sources */ = {isa = PBXBuildFile; fileRef = 9BC472A41D611236004D758A /* TableViewsAPpUITests.swift */; };
/* End PBXBuildFile section */

/* Begin PBXContainerItemProxy section */
		9BC472961D611236004D758A /* PBXContainerItemProxy */ = {
			isa = PBXContainerItemProxy;
			containerPortal = 9BC472761D611236004D758A /* Project object */;
			proxyType = 1;
			remoteGlobalIDString = 9BC4727D1D611236004D758A;
			remoteInfo = TableViewsAPp;
		};
		9BC472A11D611236004D758A /* PBXContainerItemProxy */ = {
			isa = PBXContainerItemProxy;
			containerPortal = 9BC472761D611236004D758A /* Project object */;
			proxyType = 1;
			remoteGlobalIDString = 9BC4727D1D611236004D758A;
			remoteInfo = TableViewsAPp;
		};
/* End PBXContainerItemProxy section */

/* Begin PBXFileReference section */
		9BC4727E1D611236004D758A /* TableViewsAPp.app */ = {isa = PBXFileReference; explicitFileType = wrapper.application; includeInIndex = 0; path = TableViewsAPp.app; sourceTree = BUILT_PRODUCTS_DIR; };
		9BC472811D611236004D758A /* AppDelegate.swift */ = {isa = PBXFileReference; lastKnownFileType = sourcecode.swift; path = AppDelegate.swift; sourceTree = "<group>"; };
		9BC472831D611236004D758A /* ViewController.swift */ = {isa = PBXFileReference; lastKnownFileType = sourcecode.swift; path = ViewController.swift; sourceTree = "<group>"; };
		9BC472861D611236004D758A /* Base */ = {isa = PBXFileReference; lastKnownFileType = file.storyboard; name = Base; path = Base.lproj/Main.storyboard; sourceTree = "<group>"; };
		9BC472891D611236004D758A /* TableViewsAPp.xcdatamodel */ = {isa = PBXFileReference; lastKnownFileType = wrapper.xcdatamodel; path = TableViewsAPp.xcdatamodel; sourceTree = "<group>"; };
		9BC4728B1D611236004D758A /* Assets.xcassets */ = {isa = PBXFileReference; lastKnownFileType = folder.assetcatalog; path = Assets.xcassets; sourceTree = "<group>"; };
		9BC4728E1D611236004D758A /* Base */ = {isa = PBXFileReference; lastKnownFileType = file.storyboard; name = Base; path = Base.lproj/LaunchScreen.storyboard; sourceTree = "<group>"; };
		9BC472901D611236004D758A /* Info.plist */ = {isa = PBXFileReference; lastKnownFileType = text.plist.xml; path = Info.plist; sourceTree = "<group>"; };
		9BC472951D611236004D758A /* TableViewsAPpTests.xctest */ = {isa = PBXFileReference; explicitFileType = wrapper.cfbundle; includeInIndex = 0; path = TableViewsAPpTests.xctest; sourceTree = BUILT_PRODUCTS_DIR; };
		9BC472991D611236004D758A /* TableViewsAPpTests.swift */ = {isa = PBXFileReference; lastKnownFileType = sourcecode.swift; path = TableViewsAPpTests.swift; sourceTree = "<group>"; };
		9BC4729B1D611236004D758A /* Info.plist */ = {isa = PBXFileReference; lastKnownFileType = text.plist.xml; path = Info.plist; sourceTree = "<group>"; };
		9BC472A01D611236004D758A /* TableViewsAPpUITests.xctest */ = {isa = PBXFileReference; explicitFileType = wrapper.cfbundle; includeInIndex = 0; path = TableViewsAPpUITests.xctest; sourceTree = BUILT_PRODUCTS_DIR; };
		9BC472A41D611236004D758A /* TableViewsAPpUITests.swift */ = {isa = PBXFileReference; lastKnownFileType = sourcecode.swift; path = TableViewsAPpUITests.swift; sourceTree = "<group>"; };
		9BC472A61D611236004D758A /* Info.plist */ = {isa = PBXFileReference; lastKnownFileType = text.plist.xml; path = Info.plist; sourceTree = "<group>"; };
/* End PBXFileReference section */

/* Begin PBXFrameworksBuildPhase section */
		9BC4727B1D611236004D758A /* Frameworks */ = {
			isa = PBXFrameworksBuildPhase;
			buildActionMask = 2147483647;
			files = (
			);
			runOnlyForDeploymentPostprocessing = 0;
		};
		9BC472921D611236004D758A /* Frameworks */ = {
			isa = PBXFrameworksBuildPhase;
			buildActionMask = 2147483647;
			files = (
			);
			runOnlyForDeploymentPostprocessing = 0;
		};
		9BC4729D1D611236004D758A /* Frameworks */ = {
			isa = PBXFrameworksBuildPhase;
			buildActionMask = 2147483647;
			files = (
			);
			runOnlyForDeploymentPostprocessing = 0;
		};
/* End PBXFrameworksBuildPhase section */

/* Begin PBXGroup section */
		9BC472751D611236004D758A = {
			isa = PBXGroup;
			children = (
				9BC472801D611236004D758A /* TableViewsAPp */,
				9BC472981D611236004D758A /* TableViewsAPpTests */,
				9BC472A31D611236004D758A /* TableViewsAPpUITests */,
				9BC4727F1D611236004D758A /* Products */,
			);
			sourceTree = "<group>";
		};
		9BC4727F1D611236004D758A /* Products */ = {
			isa = PBXGroup;
			children = (
				9BC4727E1D611236004D758A /* TableViewsAPp.app */,
				9BC472951D611236004D758A /* TableViewsAPpTests.xctest */,
				9BC472A01D611236004D758A /* TableViewsAPpUITests.xctest */,
			);
			name = Products;
			sourceTree = "<group>";
		};
		9BC472801D611236004D758A /* TableViewsAPp */ = {
			isa = PBXGroup;
			children = (
				9BC472811D611236004D758A /* AppDelegate.swift */,
				9BC472831D611236004D758A /* ViewController.swift */,
				9BC472851D611236004D758A /* Main.storyboard */,
				9BC4728B1D611236004D758A /* Assets.xcassets */,
				9BC4728D1D611236004D758A /* LaunchScreen.storyboard */,
				9BC472901D611236004D758A /* Info.plist */,
				9BC472881D611236004D758A /* TableViewsAPp.xcdatamodeld */,
			);
			path = TableViewsAPp;
			sourceTree = "<group>";
		};
		9BC472981D611236004D758A /* TableViewsAPpTests */ = {
			isa = PBXGroup;
			children = (
				9BC472991D611236004D758A /* TableViewsAPpTests.swift */,
				9BC4729B1D611236004D758A /* Info.plist */,
			);
			path = TableViewsAPpTests;
			sourceTree = "<group>";
		};
		9BC472A31D611236004D758A /* TableViewsAPpUITests */ = {
			isa = PBXGroup;
			children = (
				9BC472A41D611236004D758A /* TableViewsAPpUITests.swift */,
				9BC472A61D611236004D758A /* Info.plist */,
			);
			path = TableViewsAPpUITests;
			sourceTree = "<group>";
		};
/* End PBXGroup section */

/* Begin PBXNativeTarget section */
		9BC4727D1D611236004D758A /* TableViewsAPp */ = {
			isa = PBXNativeTarget;
			buildConfigurationList = 9BC472A91D611236004D758A /* Build configuration list for PBXNativeTarget "TableViewsAPp" */;
			buildPhases = (
				9BC4727A1D611236004D758A /* Sources */,
				9BC4727B1D611236004D758A /* Frameworks */,
				9BC4727C1D611236004D758A /* Resources */,
			);
			buildRules = (
			);
			dependencies = (
			);
			name = TableViewsAPp;
			productName = TableViewsAPp;
			productReference = 9BC4727E1D611236004D758A /* TableViewsAPp.app */;
			productType = "com.apple.product-type.application";
		};
		9BC472941D611236004D758A /* TableViewsAPpTests */ = {
			isa = PBXNativeTarget;
			buildConfigurationList = 9BC472AC1D611236004D758A /* Build configuration list for PBXNativeTarget "TableViewsAPpTests" */;
			buildPhases = (
				9BC472911D611236004D758A /* Sources */,
				9BC472921D611236004D758A /* Frameworks */,
				9BC472931D611236004D758A /* Resources */,
			);
			buildRules = (
			);
			dependencies = (
				9BC472971D611236004D758A /* PBXTargetDependency */,
			);
			name = TableViewsAPpTests;
			productName = TableViewsAPpTests;
			productReference = 9BC472951D611236004D758A /* TableViewsAPpTests.xctest */;
			productType = "com.apple.product-type.bundle.unit-test";
		};
		9BC4729F1D611236004D758A /* TableViewsAPpUITests */ = {
			isa = PBXNativeTarget;
			buildConfigurationList = 9BC472AF1D611236004D758A /* Build configuration list for PBXNativeTarget "TableViewsAPpUITests" */;
			buildPhases = (
				9BC4729C1D611236004D758A /* Sources */,
				9BC4729D1D611236004D758A /* Frameworks */,
				9BC4729E1D611236004D758A /* Resources */,
			);
			buildRules = (
			);
			dependencies = (
				9BC472A21D611236004D758A /* PBXTargetDependency */,
			);
			name = TableViewsAPpUITests;
			productName = TableViewsAPpUITests;
			productReference = 9BC472A01D611236004D758A /* TableViewsAPpUITests.xctest */;
			productType = "com.apple.product-type.bundle.ui-testing";
		};
/* End PBXNativeTarget section */

/* Begin PBXProject section */
		9BC472761D611236004D758A /* Project object */ = {
			isa = PBXProject;
			attributes = {
				LastSwiftUpdateCheck = 0800;
				LastUpgradeCheck = 0800;
				ORGANIZATIONNAME = "James Brown";
				TargetAttributes = {
					9BC4727D1D611236004D758A = {
						CreatedOnToolsVersion = 8.0;
						ProvisioningStyle = Automatic;
					};
					9BC472941D611236004D758A = {
						CreatedOnToolsVersion = 8.0;
						ProvisioningStyle = Automatic;
						TestTargetID = 9BC4727D1D611236004D758A;
					};
					9BC4729F1D611236004D758A = {
						CreatedOnToolsVersion = 8.0;
						ProvisioningStyle = Automatic;
						TestTargetID = 9BC4727D1D611236004D758A;
					};
				};
			};
			buildConfigurationList = 9BC472791D611236004D758A /* Build configuration list for PBXProject "TableViewsAPp" */;
			compatibilityVersion = "Xcode 3.2";
			developmentRegion = English;
			hasScannedForEncodings = 0;
			knownRegions = (
				en,
				Base,
			);
			mainGroup = 9BC472751D611236004D758A;
			productRefGroup = 9BC4727F1D611236004D758A /* Products */;
			projectDirPath = "";
			projectRoot = "";
			targets = (
				9BC4727D1D611236004D758A /* TableViewsAPp */,
				9BC472941D611236004D758A /* TableViewsAPpTests */,
				9BC4729F1D611236004D758A /* TableViewsAPpUITests */,
			);
		};
/* End PBXProject section */

/* Begin PBXResourcesBuildPhase section */
		9BC4727C1D611236004D758A /* Resources */ = {
			isa = PBXResourcesBuildPhase;
			buildActionMask = 2147483647;
			files = (
				9BC4728F1D611236004D758A /* LaunchScreen.storyboard in Resources */,
				9BC4728C1D611236004D758A /* Assets.xcassets in Resources */,
				9BC472871D611236004D758A /* Main.storyboard in Resources */,
			);
			runOnlyForDeploymentPostprocessing = 0;
		};
		9BC472931D611236004D758A /* Resources */ = {
			isa = PBXResourcesBuildPhase;
			buildActionMask = 2147483647;
			files = (
			);
			runOnlyForDeploymentPostprocessing = 0;
		};
		9BC4729E1D611236004D758A /* Resources */ = {
			isa = PBXResourcesBuildPhase;
			buildActionMask = 2147483647;
			files = (
			);
			runOnlyForDeploymentPostprocessing = 0;
		};
/* End PBXResourcesBuildPhase section */

/* Begin PBXSourcesBuildPhase section */
		9BC4727A1D611236004D758A /* Sources */ = {
			isa = PBXSourcesBuildPhase;
			buildActionMask = 2147483647;
			files = (
				9BC472841D611236004D758A /* ViewController.swift in Sources */,
				9BC472821D611236004D758A /* AppDelegate.swift in Sources */,
				9BC4728A1D611236004D758A /* TableViewsAPp.xcdatamodeld in Sources */,
			);
			runOnlyForDeploymentPostprocessing = 0;
		};
		9BC472911D611236004D758A /* Sources */ = {
			isa = PBXSourcesBuildPhase;
			buildActionMask = 2147483647;
			files = (
				9BC4729A1D611236004D758A /* TableViewsAPpTests.swift in Sources */,
			);
			runOnlyForDeploymentPostprocessing = 0;
		};
		9BC4729C1D611236004D758A /* Sources */ = {
			isa = PBXSourcesBuildPhase;
			buildActionMask = 2147483647;
			files = (
				9BC472A51D611236004D758A /* TableViewsAPpUITests.swift in Sources */,
			);
			runOnlyForDeploymentPostprocessing = 0;
		};
/* End PBXSourcesBuildPhase section */

/* Begin PBXTargetDependency section */
		9BC472971D611236004D758A /* PBXTargetDependency */ = {
			isa = PBXTargetDependency;
			target = 9BC4727D1D611236004D758A /* TableViewsAPp */;
			targetProxy = 9BC472961D611236004D758A /* PBXContainerItemProxy */;
		};
		9BC472A21D611236004D758A /* PBXTargetDependency */ = {
			isa = PBXTargetDependency;
			target = 9BC4727D1D611236004D758A /* TableViewsAPp */;
			targetProxy = 9BC472A11D611236004D758A /* PBXContainerItemProxy */;
		};
/* End PBXTargetDependency section */

/* Begin PBXVariantGroup section */
		9BC472851D611236004D758A /* Main.storyboard */ = {
			isa = PBXVariantGroup;
			children = (
				9BC472861D611236004D758A /* Base */,
			);
			name = Main.storyboard;
			sourceTree = "<group>";
		};
		9BC4728D1D611236004D758A /* LaunchScreen.storyboard */ = {
			isa = PBXVariantGroup;
			children = (
				9BC4728E1D611236004D758A /* Base */,
			);
			name = LaunchScreen.storyboard;
			sourceTree = "<group>";
		};
/* End PBXVariantGroup section */

/* Begin XCBuildConfiguration section */
		9BC472A71D611236004D758A /* Debug */ = {
			isa = XCBuildConfiguration;
			buildSettings = {
				ALWAYS_SEARCH_USER_PATHS = NO;
				CLANG_ANALYZER_NONNULL = YES;
				CLANG_CXX_LANGUAGE_STANDARD = "gnu++0x";
				CLANG_CXX_LIBRARY = "libc++";
				CLANG_ENABLE_MODULES = YES;
				CLANG_ENABLE_OBJC_ARC = YES;
				CLANG_WARN_BOOL_CONVERSION = YES;
				CLANG_WARN_CONSTANT_CONVERSION = YES;
				CLANG_WARN_DIRECT_OBJC_ISA_USAGE = YES_ERROR;
				CLANG_WARN_DOCUMENTATION_COMMENTS = YES;
				CLANG_WARN_EMPTY_BODY = YES;
				CLANG_WARN_ENUM_CONVERSION = YES;
				CLANG_WARN_INFINITE_RECURSION = YES;
				CLANG_WARN_INT_CONVERSION = YES;
				CLANG_WARN_OBJC_ROOT_CLASS = YES_ERROR;
				CLANG_WARN_SUSPICIOUS_MOVES = YES;
				CLANG_WARN_UNREACHABLE_CODE = YES;
				CLANG_WARN__DUPLICATE_METHOD_MATCH = YES;
				"CODE_SIGN_IDENTITY[sdk=iphoneos*]" = "iPhone Developer";
				COPY_PHASE_STRIP = NO;
				DEBUG_INFORMATION_FORMAT = dwarf;
				ENABLE_STRICT_OBJC_MSGSEND = YES;
				ENABLE_TESTABILITY = YES;
				GCC_C_LANGUAGE_STANDARD = gnu99;
				GCC_DYNAMIC_NO_PIC = NO;
				GCC_NO_COMMON_BLOCKS = YES;
				GCC_OPTIMIZATION_LEVEL = 0;
				GCC_PREPROCESSOR_DEFINITIONS = (
					"DEBUG=1",
					"$(inherited)",
				);
				GCC_WARN_64_TO_32_BIT_CONVERSION = YES;
				GCC_WARN_ABOUT_RETURN_TYPE = YES_ERROR;
				GCC_WARN_UNDECLARED_SELECTOR = YES;
				GCC_WARN_UNINITIALIZED_AUTOS = YES_AGGRESSIVE;
				GCC_WARN_UNUSED_FUNCTION = YES;
				GCC_WARN_UNUSED_VARIABLE = YES;
				IPHONEOS_DEPLOYMENT_TARGET = 10.0;
				MTL_ENABLE_DEBUG_INFO = YES;
				ONLY_ACTIVE_ARCH = YES;
				SDKROOT = iphoneos;
				SWIFT_ACTIVE_COMPILATION_CONDITIONS = DEBUG;
				SWIFT_OPTIMIZATION_LEVEL = "-Onone";
				TARGETED_DEVICE_FAMILY = "1,2";
			};
			name = Debug;
		};
		9BC472A81D611236004D758A /* Release */ = {
			isa = XCBuildConfiguration;
			buildSettings = {
				ALWAYS_SEARCH_USER_PATHS = NO;
				CLANG_ANALYZER_NONNULL = YES;
				CLANG_CXX_LANGUAGE_STANDARD = "gnu++0x";
				CLANG_CXX_LIBRARY = "libc++";
				CLANG_ENABLE_MODULES = YES;
				CLANG_ENABLE_OBJC_ARC = YES;
				CLANG_WARN_BOOL_CONVERSION = YES;
				CLANG_WARN_CONSTANT_CONVERSION = YES;
				CLANG_WARN_DIRECT_OBJC_ISA_USAGE = YES_ERROR;
				CLANG_WARN_DOCUMENTATION_COMMENTS = YES;
				CLANG_WARN_EMPTY_BODY = YES;
				CLANG_WARN_ENUM_CONVERSION = YES;
				CLANG_WARN_INFINITE_RECURSION = YES;
				CLANG_WARN_INT_CONVERSION = YES;
				CLANG_WARN_OBJC_ROOT_CLASS = YES_ERROR;
				CLANG_WARN_SUSPICIOUS_MOVES = YES;
				CLANG_WARN_UNREACHABLE_CODE = YES;
				CLANG_WARN__DUPLICATE_METHOD_MATCH = YES;
				"CODE_SIGN_IDENTITY[sdk=iphoneos*]" = "iPhone Developer";
				COPY_PHASE_STRIP = NO;
				DEBUG_INFORMATION_FORMAT = "dwarf-with-dsym";
				ENABLE_NS_ASSERTIONS = NO;
				ENABLE_STRICT_OBJC_MSGSEND = YES;
				GCC_C_LANGUAGE_STANDARD = gnu99;
				GCC_NO_COMMON_BLOCKS = YES;
				GCC_WARN_64_TO_32_BIT_CONVERSION = YES;
				GCC_WARN_ABOUT_RETURN_TYPE = YES_ERROR;
				GCC_WARN_UNDECLARED_SELECTOR = YES;
				GCC_WARN_UNINITIALIZED_AUTOS = YES_AGGRESSIVE;
				GCC_WARN_UNUSED_FUNCTION = YES;
				GCC_WARN_UNUSED_VARIABLE = YES;
				IPHONEOS_DEPLOYMENT_TARGET = 10.0;
				MTL_ENABLE_DEBUG_INFO = NO;
				SDKROOT = iphoneos;
				SWIFT_OPTIMIZATION_LEVEL = "-Owholemodule";
				TARGETED_DEVICE_FAMILY = "1,2";
				VALIDATE_PRODUCT = YES;
			};
			name = Release;
		};
		9BC472AA1D611236004D758A /* Debug */ = {
			isa = XCBuildConfiguration;
			buildSettings = {
				ASSETCATALOG_COMPILER_APPICON_NAME = AppIcon;
				INFOPLIST_FILE = TableViewsAPp/Info.plist;
				LD_RUNPATH_SEARCH_PATHS = "$(inherited) @executable_path/Frameworks";
				PRODUCT_BUNDLE_IDENTIFIER = com.example.TableViewsAPp;
				PRODUCT_NAME = "$(TARGET_NAME)";
				SWIFT_VERSION = 3.0;
			};
			name = Debug;
		};
		9BC472AB1D611236004D758A /* Release */ = {
			isa = XCBuildConfiguration;
			buildSettings = {
				ASSETCATALOG_COMPILER_APPICON_NAME = AppIcon;
				INFOPLIST_FILE = TableViewsAPp/Info.plist;
				LD_RUNPATH_SEARCH_PATHS = "$(inherited) @executable_path/Frameworks";
				PRODUCT_BUNDLE_IDENTIFIER = com.example.TableViewsAPp;
				PRODUCT_NAME = "$(TARGET_NAME)";
				SWIFT_VERSION = 3.0;
			};
			name = Release;
		};
		9BC472AD1D611236004D758A /* Debug */ = {
			isa = XCBuildConfiguration;
			buildSettings = {
				BUNDLE_LOADER = "$(TEST_HOST)";
				INFOPLIST_FILE = TableViewsAPpTests/Info.plist;
				LD_RUNPATH_SEARCH_PATHS = "$(inherited) @executable_path/Frameworks @loader_path/Frameworks";
				PRODUCT_BUNDLE_IDENTIFIER = com.example.TableViewsAPpTests;
				PRODUCT_NAME = "$(TARGET_NAME)";
				SWIFT_VERSION = 3.0;
				TEST_HOST = "$(BUILT_PRODUCTS_DIR)/TableViewsAPp.app/TableViewsAPp";
			};
			name = Debug;
		};
		9BC472AE1D611236004D758A /* Release */ = {
			isa = XCBuildConfiguration;
			buildSettings = {
				BUNDLE_LOADER = "$(TEST_HOST)";
				INFOPLIST_FILE = TableViewsAPpTests/Info.plist;
				LD_RUNPATH_SEARCH_PATHS = "$(inherited) @executable_path/Frameworks @loader_path/Frameworks";
				PRODUCT_BUNDLE_IDENTIFIER = com.example.TableViewsAPpTests;
				PRODUCT_NAME = "$(TARGET_NAME)";
				SWIFT_VERSION = 3.0;
				TEST_HOST = "$(BUILT_PRODUCTS_DIR)/TableViewsAPp.app/TableViewsAPp";
			};
			name = Release;
		};
		9BC472B01D611236004D758A /* Debug */ = {
			isa = XCBuildConfiguration;
			buildSettings = {
				INFOPLIST_FILE = TableViewsAPpUITests/Info.plist;
				LD_RUNPATH_SEARCH_PATHS = "$(inherited) @executable_path/Frameworks @loader_path/Frameworks";
				PRODUCT_BUNDLE_IDENTIFIER = com.example.TableViewsAPpUITests;
				PRODUCT_NAME = "$(TARGET_NAME)";
				SWIFT_VERSION = 3.0;
				TEST_TARGET_NAME = TableViewsAPp;
			};
			name = Debug;
		};
		9BC472B11D611236004D758A /* Release */ = {
			isa = XCBuildConfiguration;
			buildSettings = {
				INFOPLIST_FILE = TableViewsAPpUITests/Info.plist;
				LD_RUNPATH_SEARCH_PATHS = "$(inherited) @executable_path/Frameworks @loader_path/Frameworks";
				PRODUCT_BUNDLE_IDENTIFIER = com.example.TableViewsAPpUITests;
				PRODUCT_NAME = "$(TARGET_NAME)";
				SWIFT_VERSION = 3.0;
				TEST_TARGET_NAME = TableViewsAPp;
			};
			name = Release;
		};
/* End XCBuildConfiguration section */

/* Begin XCConfigurationList section */
		9BC472791D611236004D758A /* Build configuration list for PBXProject "TableViewsAPp" */ = {
			isa = XCConfigurationList;
			buildConfigurations = (
				9BC472A71D611236004D758A /* Debug */,
				9BC472A81D611236004D758A /* Release */,
			);
			defaultConfigurationIsVisible = 0;
			defaultConfigurationName = Release;
		};
		9BC472A91D611236004D758A /* Build configuration list for PBXNativeTarget "TableViewsAPp" */ = {
			isa = XCConfigurationList;
			buildConfigurations = (
				9BC472AA1D611236004D758A /* Debug */,
				9BC472AB1D611236004D758A /* Release */,
			);
			defaultConfigurationIsVisible = 0;
		};
		9BC472AC1D611236004D758A /* Build configuration list for PBXNativeTarget "TableViewsAPpTests" */ = {
			isa = XCConfigurationList;
			buildConfigurations = (
				9BC472AD1D611236004D758A /* Debug */,
				9BC472AE1D611236004D758A /* Release */,
			);
			defaultConfigurationIsVisible = 0;
		};
		9BC472AF1D611236004D758A /* Build configuration list for PBXNativeTarget "TableViewsAPpUITests" */ = {
			isa = XCConfigurationList;
			buildConfigurations = (
				9BC472B01D611236004D758A /* Debug */,
				9BC472B11D611236004D758A /* Release */,
			);
			defaultConfigurationIsVisible = 0;
		};
/* End XCConfigurationList section */

/* Begin XCVersionGroup section */
		9BC472881D611236004D758A /* TableViewsAPp.xcdatamodeld */ = {
			isa = XCVersionGroup;
			children = (
				9BC472891D611236004D758A /* TableViewsAPp.xcdatamodel */,
			);
			currentVersion = 9BC472891D611236004D758A /* TableViewsAPp.xcdatamodel */;
			path = TableViewsAPp.xcdatamodeld;
			sourceTree = "<group>";
			versionGroupType = wrapper.xcdatamodel;
		};
/* End XCVersionGroup section */
	};
	rootObject = 9BC472761D611236004D758A /* Project object */;
}
