// !$*UTF8*$!
{
	archiveVersion = 1;
	classes = {
	};
	objectVersion = 46;
	objects = {

/* Begin PBXBuildFile section */
		9BA6DD421D5C9F4000AD6B19 /* AppDelegate.swift in Sources */ = {isa = PBXBuildFile; fileRef = 9BA6DD411D5C9F4000AD6B19 /* AppDelegate.swift */; };
		9BA6DD441D5C9F4000AD6B19 /* ViewController.swift in Sources */ = {isa = PBXBuildFile; fileRef = 9BA6DD431D5C9F4000AD6B19 /* ViewController.swift */; };
		9BA6DD471D5C9F4000AD6B19 /* Main.storyboard in Resources */ = {isa = PBXBuildFile; fileRef = 9BA6DD451D5C9F4000AD6B19 /* Main.storyboard */; };
		9BA6DD4A1D5C9F4000AD6B19 /* PageTheScroll.xcdatamodeld in Sources */ = {isa = PBXBuildFile; fileRef = 9BA6DD481D5C9F4000AD6B19 /* PageTheScroll.xcdatamodeld */; };
		9BA6DD4C1D5C9F4000AD6B19 /* Assets.xcassets in Resources */ = {isa = PBXBuildFile; fileRef = 9BA6DD4B1D5C9F4000AD6B19 /* Assets.xcassets */; };
		9BA6DD4F1D5C9F4000AD6B19 /* LaunchScreen.storyboard in Resources */ = {isa = PBXBuildFile; fileRef = 9BA6DD4D1D5C9F4000AD6B19 /* LaunchScreen.storyboard */; };
		9BA6DD5A1D5C9F4100AD6B19 /* PageTheScrollTests.swift in Sources */ = {isa = PBXBuildFile; fileRef = 9BA6DD591D5C9F4100AD6B19 /* PageTheScrollTests.swift */; };
		9BA6DD651D5C9F4100AD6B19 /* PageTheScrollUITests.swift in Sources */ = {isa = PBXBuildFile; fileRef = 9BA6DD641D5C9F4100AD6B19 /* PageTheScrollUITests.swift */; };
/* End PBXBuildFile section */

/* Begin PBXContainerItemProxy section */
		9BA6DD561D5C9F4100AD6B19 /* PBXContainerItemProxy */ = {
			isa = PBXContainerItemProxy;
			containerPortal = 9BA6DD361D5C9F4000AD6B19 /* Project object */;
			proxyType = 1;
			remoteGlobalIDString = 9BA6DD3D1D5C9F4000AD6B19;
			remoteInfo = PageTheScroll;
		};
		9BA6DD611D5C9F4100AD6B19 /* PBXContainerItemProxy */ = {
			isa = PBXContainerItemProxy;
			containerPortal = 9BA6DD361D5C9F4000AD6B19 /* Project object */;
			proxyType = 1;
			remoteGlobalIDString = 9BA6DD3D1D5C9F4000AD6B19;
			remoteInfo = PageTheScroll;
		};
/* End PBXContainerItemProxy section */

/* Begin PBXFileReference section */
		9BA6DD3E1D5C9F4000AD6B19 /* PageTheScroll.app */ = {isa = PBXFileReference; explicitFileType = wrapper.application; includeInIndex = 0; path = PageTheScroll.app; sourceTree = BUILT_PRODUCTS_DIR; };
		9BA6DD411D5C9F4000AD6B19 /* AppDelegate.swift */ = {isa = PBXFileReference; lastKnownFileType = sourcecode.swift; path = AppDelegate.swift; sourceTree = "<group>"; };
		9BA6DD431D5C9F4000AD6B19 /* ViewController.swift */ = {isa = PBXFileReference; lastKnownFileType = sourcecode.swift; path = ViewController.swift; sourceTree = "<group>"; };
		9BA6DD461D5C9F4000AD6B19 /* Base */ = {isa = PBXFileReference; lastKnownFileType = file.storyboard; name = Base; path = Base.lproj/Main.storyboard; sourceTree = "<group>"; };
		9BA6DD491D5C9F4000AD6B19 /* PageTheScroll.xcdatamodel */ = {isa = PBXFileReference; lastKnownFileType = wrapper.xcdatamodel; path = PageTheScroll.xcdatamodel; sourceTree = "<group>"; };
		9BA6DD4B1D5C9F4000AD6B19 /* Assets.xcassets */ = {isa = PBXFileReference; lastKnownFileType = folder.assetcatalog; path = Assets.xcassets; sourceTree = "<group>"; };
		9BA6DD4E1D5C9F4000AD6B19 /* Base */ = {isa = PBXFileReference; lastKnownFileType = file.storyboard; name = Base; path = Base.lproj/LaunchScreen.storyboard; sourceTree = "<group>"; };
		9BA6DD501D5C9F4000AD6B19 /* Info.plist */ = {isa = PBXFileReference; lastKnownFileType = text.plist.xml; path = Info.plist; sourceTree = "<group>"; };
		9BA6DD551D5C9F4100AD6B19 /* PageTheScrollTests.xctest */ = {isa = PBXFileReference; explicitFileType = wrapper.cfbundle; includeInIndex = 0; path = PageTheScrollTests.xctest; sourceTree = BUILT_PRODUCTS_DIR; };
		9BA6DD591D5C9F4100AD6B19 /* PageTheScrollTests.swift */ = {isa = PBXFileReference; lastKnownFileType = sourcecode.swift; path = PageTheScrollTests.swift; sourceTree = "<group>"; };
		9BA6DD5B1D5C9F4100AD6B19 /* Info.plist */ = {isa = PBXFileReference; lastKnownFileType = text.plist.xml; path = Info.plist; sourceTree = "<group>"; };
		9BA6DD601D5C9F4100AD6B19 /* PageTheScrollUITests.xctest */ = {isa = PBXFileReference; explicitFileType = wrapper.cfbundle; includeInIndex = 0; path = PageTheScrollUITests.xctest; sourceTree = BUILT_PRODUCTS_DIR; };
		9BA6DD641D5C9F4100AD6B19 /* PageTheScrollUITests.swift */ = {isa = PBXFileReference; lastKnownFileType = sourcecode.swift; path = PageTheScrollUITests.swift; sourceTree = "<group>"; };
		9BA6DD661D5C9F4100AD6B19 /* Info.plist */ = {isa = PBXFileReference; lastKnownFileType = text.plist.xml; path = Info.plist; sourceTree = "<group>"; };
/* End PBXFileReference section */

/* Begin PBXFrameworksBuildPhase section */
		9BA6DD3B1D5C9F4000AD6B19 /* Frameworks */ = {
			isa = PBXFrameworksBuildPhase;
			buildActionMask = 2147483647;
			files = (
			);
			runOnlyForDeploymentPostprocessing = 0;
		};
		9BA6DD521D5C9F4100AD6B19 /* Frameworks */ = {
			isa = PBXFrameworksBuildPhase;
			buildActionMask = 2147483647;
			files = (
			);
			runOnlyForDeploymentPostprocessing = 0;
		};
		9BA6DD5D1D5C9F4100AD6B19 /* Frameworks */ = {
			isa = PBXFrameworksBuildPhase;
			buildActionMask = 2147483647;
			files = (
			);
			runOnlyForDeploymentPostprocessing = 0;
		};
/* End PBXFrameworksBuildPhase section */

/* Begin PBXGroup section */
		9BA6DD351D5C9F4000AD6B19 = {
			isa = PBXGroup;
			children = (
				9BA6DD401D5C9F4000AD6B19 /* PageTheScroll */,
				9BA6DD581D5C9F4100AD6B19 /* PageTheScrollTests */,
				9BA6DD631D5C9F4100AD6B19 /* PageTheScrollUITests */,
				9BA6DD3F1D5C9F4000AD6B19 /* Products */,
			);
			sourceTree = "<group>";
		};
		9BA6DD3F1D5C9F4000AD6B19 /* Products */ = {
			isa = PBXGroup;
			children = (
				9BA6DD3E1D5C9F4000AD6B19 /* PageTheScroll.app */,
				9BA6DD551D5C9F4100AD6B19 /* PageTheScrollTests.xctest */,
				9BA6DD601D5C9F4100AD6B19 /* PageTheScrollUITests.xctest */,
			);
			name = Products;
			sourceTree = "<group>";
		};
		9BA6DD401D5C9F4000AD6B19 /* PageTheScroll */ = {
			isa = PBXGroup;
			children = (
				9BA6DD411D5C9F4000AD6B19 /* AppDelegate.swift */,
				9BA6DD431D5C9F4000AD6B19 /* ViewController.swift */,
				9BA6DD451D5C9F4000AD6B19 /* Main.storyboard */,
				9BA6DD4B1D5C9F4000AD6B19 /* Assets.xcassets */,
				9BA6DD4D1D5C9F4000AD6B19 /* LaunchScreen.storyboard */,
				9BA6DD501D5C9F4000AD6B19 /* Info.plist */,
				9BA6DD481D5C9F4000AD6B19 /* PageTheScroll.xcdatamodeld */,
			);
			path = PageTheScroll;
			sourceTree = "<group>";
		};
		9BA6DD581D5C9F4100AD6B19 /* PageTheScrollTests */ = {
			isa = PBXGroup;
			children = (
				9BA6DD591D5C9F4100AD6B19 /* PageTheScrollTests.swift */,
				9BA6DD5B1D5C9F4100AD6B19 /* Info.plist */,
			);
			path = PageTheScrollTests;
			sourceTree = "<group>";
		};
		9BA6DD631D5C9F4100AD6B19 /* PageTheScrollUITests */ = {
			isa = PBXGroup;
			children = (
				9BA6DD641D5C9F4100AD6B19 /* PageTheScrollUITests.swift */,
				9BA6DD661D5C9F4100AD6B19 /* Info.plist */,
			);
			path = PageTheScrollUITests;
			sourceTree = "<group>";
		};
/* End PBXGroup section */

/* Begin PBXNativeTarget section */
		9BA6DD3D1D5C9F4000AD6B19 /* PageTheScroll */ = {
			isa = PBXNativeTarget;
			buildConfigurationList = 9BA6DD691D5C9F4100AD6B19 /* Build configuration list for PBXNativeTarget "PageTheScroll" */;
			buildPhases = (
				9BA6DD3A1D5C9F4000AD6B19 /* Sources */,
				9BA6DD3B1D5C9F4000AD6B19 /* Frameworks */,
				9BA6DD3C1D5C9F4000AD6B19 /* Resources */,
			);
			buildRules = (
			);
			dependencies = (
			);
			name = PageTheScroll;
			productName = PageTheScroll;
			productReference = 9BA6DD3E1D5C9F4000AD6B19 /* PageTheScroll.app */;
			productType = "com.apple.product-type.application";
		};
		9BA6DD541D5C9F4100AD6B19 /* PageTheScrollTests */ = {
			isa = PBXNativeTarget;
			buildConfigurationList = 9BA6DD6C1D5C9F4100AD6B19 /* Build configuration list for PBXNativeTarget "PageTheScrollTests" */;
			buildPhases = (
				9BA6DD511D5C9F4100AD6B19 /* Sources */,
				9BA6DD521D5C9F4100AD6B19 /* Frameworks */,
				9BA6DD531D5C9F4100AD6B19 /* Resources */,
			);
			buildRules = (
			);
			dependencies = (
				9BA6DD571D5C9F4100AD6B19 /* PBXTargetDependency */,
			);
			name = PageTheScrollTests;
			productName = PageTheScrollTests;
			productReference = 9BA6DD551D5C9F4100AD6B19 /* PageTheScrollTests.xctest */;
			productType = "com.apple.product-type.bundle.unit-test";
		};
		9BA6DD5F1D5C9F4100AD6B19 /* PageTheScrollUITests */ = {
			isa = PBXNativeTarget;
			buildConfigurationList = 9BA6DD6F1D5C9F4100AD6B19 /* Build configuration list for PBXNativeTarget "PageTheScrollUITests" */;
			buildPhases = (
				9BA6DD5C1D5C9F4100AD6B19 /* Sources */,
				9BA6DD5D1D5C9F4100AD6B19 /* Frameworks */,
				9BA6DD5E1D5C9F4100AD6B19 /* Resources */,
			);
			buildRules = (
			);
			dependencies = (
				9BA6DD621D5C9F4100AD6B19 /* PBXTargetDependency */,
			);
			name = PageTheScrollUITests;
			productName = PageTheScrollUITests;
			productReference = 9BA6DD601D5C9F4100AD6B19 /* PageTheScrollUITests.xctest */;
			productType = "com.apple.product-type.bundle.ui-testing";
		};
/* End PBXNativeTarget section */

/* Begin PBXProject section */
		9BA6DD361D5C9F4000AD6B19 /* Project object */ = {
			isa = PBXProject;
			attributes = {
				LastSwiftUpdateCheck = 0800;
				LastUpgradeCheck = 0800;
				ORGANIZATIONNAME = "James Brown";
				TargetAttributes = {
					9BA6DD3D1D5C9F4000AD6B19 = {
						CreatedOnToolsVersion = 8.0;
						ProvisioningStyle = Automatic;
					};
					9BA6DD541D5C9F4100AD6B19 = {
						CreatedOnToolsVersion = 8.0;
						ProvisioningStyle = Automatic;
						TestTargetID = 9BA6DD3D1D5C9F4000AD6B19;
					};
					9BA6DD5F1D5C9F4100AD6B19 = {
						CreatedOnToolsVersion = 8.0;
						ProvisioningStyle = Automatic;
						TestTargetID = 9BA6DD3D1D5C9F4000AD6B19;
					};
				};
			};
			buildConfigurationList = 9BA6DD391D5C9F4000AD6B19 /* Build configuration list for PBXProject "PageTheScroll" */;
			compatibilityVersion = "Xcode 3.2";
			developmentRegion = English;
			hasScannedForEncodings = 0;
			knownRegions = (
				en,
				Base,
			);
			mainGroup = 9BA6DD351D5C9F4000AD6B19;
			productRefGroup = 9BA6DD3F1D5C9F4000AD6B19 /* Products */;
			projectDirPath = "";
			projectRoot = "";
			targets = (
				9BA6DD3D1D5C9F4000AD6B19 /* PageTheScroll */,
				9BA6DD541D5C9F4100AD6B19 /* PageTheScrollTests */,
				9BA6DD5F1D5C9F4100AD6B19 /* PageTheScrollUITests */,
			);
		};
/* End PBXProject section */

/* Begin PBXResourcesBuildPhase section */
		9BA6DD3C1D5C9F4000AD6B19 /* Resources */ = {
			isa = PBXResourcesBuildPhase;
			buildActionMask = 2147483647;
			files = (
				9BA6DD4F1D5C9F4000AD6B19 /* LaunchScreen.storyboard in Resources */,
				9BA6DD4C1D5C9F4000AD6B19 /* Assets.xcassets in Resources */,
				9BA6DD471D5C9F4000AD6B19 /* Main.storyboard in Resources */,
			);
			runOnlyForDeploymentPostprocessing = 0;
		};
		9BA6DD531D5C9F4100AD6B19 /* Resources */ = {
			isa = PBXResourcesBuildPhase;
			buildActionMask = 2147483647;
			files = (
			);
			runOnlyForDeploymentPostprocessing = 0;
		};
		9BA6DD5E1D5C9F4100AD6B19 /* Resources */ = {
			isa = PBXResourcesBuildPhase;
			buildActionMask = 2147483647;
			files = (
			);
			runOnlyForDeploymentPostprocessing = 0;
		};
/* End PBXResourcesBuildPhase section */

/* Begin PBXSourcesBuildPhase section */
		9BA6DD3A1D5C9F4000AD6B19 /* Sources */ = {
			isa = PBXSourcesBuildPhase;
			buildActionMask = 2147483647;
			files = (
				9BA6DD4A1D5C9F4000AD6B19 /* PageTheScroll.xcdatamodeld in Sources */,
				9BA6DD441D5C9F4000AD6B19 /* ViewController.swift in Sources */,
				9BA6DD421D5C9F4000AD6B19 /* AppDelegate.swift in Sources */,
			);
			runOnlyForDeploymentPostprocessing = 0;
		};
		9BA6DD511D5C9F4100AD6B19 /* Sources */ = {
			isa = PBXSourcesBuildPhase;
			buildActionMask = 2147483647;
			files = (
				9BA6DD5A1D5C9F4100AD6B19 /* PageTheScrollTests.swift in Sources */,
			);
			runOnlyForDeploymentPostprocessing = 0;
		};
		9BA6DD5C1D5C9F4100AD6B19 /* Sources */ = {
			isa = PBXSourcesBuildPhase;
			buildActionMask = 2147483647;
			files = (
				9BA6DD651D5C9F4100AD6B19 /* PageTheScrollUITests.swift in Sources */,
			);
			runOnlyForDeploymentPostprocessing = 0;
		};
/* End PBXSourcesBuildPhase section */

/* Begin PBXTargetDependency section */
		9BA6DD571D5C9F4100AD6B19 /* PBXTargetDependency */ = {
			isa = PBXTargetDependency;
			target = 9BA6DD3D1D5C9F4000AD6B19 /* PageTheScroll */;
			targetProxy = 9BA6DD561D5C9F4100AD6B19 /* PBXContainerItemProxy */;
		};
		9BA6DD621D5C9F4100AD6B19 /* PBXTargetDependency */ = {
			isa = PBXTargetDependency;
			target = 9BA6DD3D1D5C9F4000AD6B19 /* PageTheScroll */;
			targetProxy = 9BA6DD611D5C9F4100AD6B19 /* PBXContainerItemProxy */;
		};
/* End PBXTargetDependency section */

/* Begin PBXVariantGroup section */
		9BA6DD451D5C9F4000AD6B19 /* Main.storyboard */ = {
			isa = PBXVariantGroup;
			children = (
				9BA6DD461D5C9F4000AD6B19 /* Base */,
			);
			name = Main.storyboard;
			sourceTree = "<group>";
		};
		9BA6DD4D1D5C9F4000AD6B19 /* LaunchScreen.storyboard */ = {
			isa = PBXVariantGroup;
			children = (
				9BA6DD4E1D5C9F4000AD6B19 /* Base */,
			);
			name = LaunchScreen.storyboard;
			sourceTree = "<group>";
		};
/* End PBXVariantGroup section */

/* Begin XCBuildConfiguration section */
		9BA6DD671D5C9F4100AD6B19 /* Debug */ = {
			isa = XCBuildConfiguration;
			buildSettings = {
				ALWAYS_SEARCH_USER_PATHS = NO;
				CLANG_ANALYZER_NONNULL = YES;
				CLANG_CXX_LANGUAGE_STANDARD = "gnu++0x";
				CLANG_CXX_LIBRARY = "libc++";
				CLANG_ENABLE_MODULES = YES;
				CLANG_ENABLE_OBJC_ARC = YES;
				CLANG_WARN_BOOL_CONVERSION = YES;
				CLANG_WARN_CONSTANT_CONVERSION = YES;
				CLANG_WARN_DIRECT_OBJC_ISA_USAGE = YES_ERROR;
				CLANG_WARN_DOCUMENTATION_COMMENTS = YES;
				CLANG_WARN_EMPTY_BODY = YES;
				CLANG_WARN_ENUM_CONVERSION = YES;
				CLANG_WARN_INFINITE_RECURSION = YES;
				CLANG_WARN_INT_CONVERSION = YES;
				CLANG_WARN_OBJC_ROOT_CLASS = YES_ERROR;
				CLANG_WARN_SUSPICIOUS_MOVES = YES;
				CLANG_WARN_UNREACHABLE_CODE = YES;
				CLANG_WARN__DUPLICATE_METHOD_MATCH = YES;
				"CODE_SIGN_IDENTITY[sdk=iphoneos*]" = "iPhone Developer";
				COPY_PHASE_STRIP = NO;
				DEBUG_INFORMATION_FORMAT = dwarf;
				ENABLE_STRICT_OBJC_MSGSEND = YES;
				ENABLE_TESTABILITY = YES;
				GCC_C_LANGUAGE_STANDARD = gnu99;
				GCC_DYNAMIC_NO_PIC = NO;
				GCC_NO_COMMON_BLOCKS = YES;
				GCC_OPTIMIZATION_LEVEL = 0;
				GCC_PREPROCESSOR_DEFINITIONS = (
					"DEBUG=1",
					"$(inherited)",
				);
				GCC_WARN_64_TO_32_BIT_CONVERSION = YES;
				GCC_WARN_ABOUT_RETURN_TYPE = YES_ERROR;
				GCC_WARN_UNDECLARED_SELECTOR = YES;
				GCC_WARN_UNINITIALIZED_AUTOS = YES_AGGRESSIVE;
				GCC_WARN_UNUSED_FUNCTION = YES;
				GCC_WARN_UNUSED_VARIABLE = YES;
				IPHONEOS_DEPLOYMENT_TARGET = 10.0;
				MTL_ENABLE_DEBUG_INFO = YES;
				ONLY_ACTIVE_ARCH = YES;
				SDKROOT = iphoneos;
				SWIFT_ACTIVE_COMPILATION_CONDITIONS = DEBUG;
				SWIFT_OPTIMIZATION_LEVEL = "-Onone";
				TARGETED_DEVICE_FAMILY = "1,2";
			};
			name = Debug;
		};
		9BA6DD681D5C9F4100AD6B19 /* Release */ = {
			isa = XCBuildConfiguration;
			buildSettings = {
				ALWAYS_SEARCH_USER_PATHS = NO;
				CLANG_ANALYZER_NONNULL = YES;
				CLANG_CXX_LANGUAGE_STANDARD = "gnu++0x";
				CLANG_CXX_LIBRARY = "libc++";
				CLANG_ENABLE_MODULES = YES;
				CLANG_ENABLE_OBJC_ARC = YES;
				CLANG_WARN_BOOL_CONVERSION = YES;
				CLANG_WARN_CONSTANT_CONVERSION = YES;
				CLANG_WARN_DIRECT_OBJC_ISA_USAGE = YES_ERROR;
				CLANG_WARN_DOCUMENTATION_COMMENTS = YES;
				CLANG_WARN_EMPTY_BODY = YES;
				CLANG_WARN_ENUM_CONVERSION = YES;
				CLANG_WARN_INFINITE_RECURSION = YES;
				CLANG_WARN_INT_CONVERSION = YES;
				CLANG_WARN_OBJC_ROOT_CLASS = YES_ERROR;
				CLANG_WARN_SUSPICIOUS_MOVES = YES;
				CLANG_WARN_UNREACHABLE_CODE = YES;
				CLANG_WARN__DUPLICATE_METHOD_MATCH = YES;
				"CODE_SIGN_IDENTITY[sdk=iphoneos*]" = "iPhone Developer";
				COPY_PHASE_STRIP = NO;
				DEBUG_INFORMATION_FORMAT = "dwarf-with-dsym";
				ENABLE_NS_ASSERTIONS = NO;
				ENABLE_STRICT_OBJC_MSGSEND = YES;
				GCC_C_LANGUAGE_STANDARD = gnu99;
				GCC_NO_COMMON_BLOCKS = YES;
				GCC_WARN_64_TO_32_BIT_CONVERSION = YES;
				GCC_WARN_ABOUT_RETURN_TYPE = YES_ERROR;
				GCC_WARN_UNDECLARED_SELECTOR = YES;
				GCC_WARN_UNINITIALIZED_AUTOS = YES_AGGRESSIVE;
				GCC_WARN_UNUSED_FUNCTION = YES;
				GCC_WARN_UNUSED_VARIABLE = YES;
				IPHONEOS_DEPLOYMENT_TARGET = 10.0;
				MTL_ENABLE_DEBUG_INFO = NO;
				SDKROOT = iphoneos;
				SWIFT_OPTIMIZATION_LEVEL = "-Owholemodule";
				TARGETED_DEVICE_FAMILY = "1,2";
				VALIDATE_PRODUCT = YES;
			};
			name = Release;
		};
		9BA6DD6A1D5C9F4100AD6B19 /* Debug */ = {
			isa = XCBuildConfiguration;
			buildSettings = {
				ASSETCATALOG_COMPILER_APPICON_NAME = AppIcon;
				INFOPLIST_FILE = PageTheScroll/Info.plist;
				LD_RUNPATH_SEARCH_PATHS = "$(inherited) @executable_path/Frameworks";
				PRODUCT_BUNDLE_IDENTIFIER = com.example.PageTheScroll;
				PRODUCT_NAME = "$(TARGET_NAME)";
				SWIFT_VERSION = 3.0;
			};
			name = Debug;
		};
		9BA6DD6B1D5C9F4100AD6B19 /* Release */ = {
			isa = XCBuildConfiguration;
			buildSettings = {
				ASSETCATALOG_COMPILER_APPICON_NAME = AppIcon;
				INFOPLIST_FILE = PageTheScroll/Info.plist;
				LD_RUNPATH_SEARCH_PATHS = "$(inherited) @executable_path/Frameworks";
				PRODUCT_BUNDLE_IDENTIFIER = com.example.PageTheScroll;
				PRODUCT_NAME = "$(TARGET_NAME)";
				SWIFT_VERSION = 3.0;
			};
			name = Release;
		};
		9BA6DD6D1D5C9F4100AD6B19 /* Debug */ = {
			isa = XCBuildConfiguration;
			buildSettings = {
				BUNDLE_LOADER = "$(TEST_HOST)";
				INFOPLIST_FILE = PageTheScrollTests/Info.plist;
				LD_RUNPATH_SEARCH_PATHS = "$(inherited) @executable_path/Frameworks @loader_path/Frameworks";
				PRODUCT_BUNDLE_IDENTIFIER = com.example.PageTheScrollTests;
				PRODUCT_NAME = "$(TARGET_NAME)";
				SWIFT_VERSION = 3.0;
				TEST_HOST = "$(BUILT_PRODUCTS_DIR)/PageTheScroll.app/PageTheScroll";
			};
			name = Debug;
		};
		9BA6DD6E1D5C9F4100AD6B19 /* Release */ = {
			isa = XCBuildConfiguration;
			buildSettings = {
				BUNDLE_LOADER = "$(TEST_HOST)";
				INFOPLIST_FILE = PageTheScrollTests/Info.plist;
				LD_RUNPATH_SEARCH_PATHS = "$(inherited) @executable_path/Frameworks @loader_path/Frameworks";
				PRODUCT_BUNDLE_IDENTIFIER = com.example.PageTheScrollTests;
				PRODUCT_NAME = "$(TARGET_NAME)";
				SWIFT_VERSION = 3.0;
				TEST_HOST = "$(BUILT_PRODUCTS_DIR)/PageTheScroll.app/PageTheScroll";
			};
			name = Release;
		};
		9BA6DD701D5C9F4100AD6B19 /* Debug */ = {
			isa = XCBuildConfiguration;
			buildSettings = {
				INFOPLIST_FILE = PageTheScrollUITests/Info.plist;
				LD_RUNPATH_SEARCH_PATHS = "$(inherited) @executable_path/Frameworks @loader_path/Frameworks";
				PRODUCT_BUNDLE_IDENTIFIER = com.example.PageTheScrollUITests;
				PRODUCT_NAME = "$(TARGET_NAME)";
				SWIFT_VERSION = 3.0;
				TEST_TARGET_NAME = PageTheScroll;
			};
			name = Debug;
		};
		9BA6DD711D5C9F4100AD6B19 /* Release */ = {
			isa = XCBuildConfiguration;
			buildSettings = {
				INFOPLIST_FILE = PageTheScrollUITests/Info.plist;
				LD_RUNPATH_SEARCH_PATHS = "$(inherited) @executable_path/Frameworks @loader_path/Frameworks";
				PRODUCT_BUNDLE_IDENTIFIER = com.example.PageTheScrollUITests;
				PRODUCT_NAME = "$(TARGET_NAME)";
				SWIFT_VERSION = 3.0;
				TEST_TARGET_NAME = PageTheScroll;
			};
			name = Release;
		};
/* End XCBuildConfiguration section */

/* Begin XCConfigurationList section */
		9BA6DD391D5C9F4000AD6B19 /* Build configuration list for PBXProject "PageTheScroll" */ = {
			isa = XCConfigurationList;
			buildConfigurations = (
				9BA6DD671D5C9F4100AD6B19 /* Debug */,
				9BA6DD681D5C9F4100AD6B19 /* Release */,
			);
			defaultConfigurationIsVisible = 0;
			defaultConfigurationName = Release;
		};
		9BA6DD691D5C9F4100AD6B19 /* Build configuration list for PBXNativeTarget "PageTheScroll" */ = {
			isa = XCConfigurationList;
			buildConfigurations = (
				9BA6DD6A1D5C9F4100AD6B19 /* Debug */,
				9BA6DD6B1D5C9F4100AD6B19 /* Release */,
			);
			defaultConfigurationIsVisible = 0;
		};
		9BA6DD6C1D5C9F4100AD6B19 /* Build configuration list for PBXNativeTarget "PageTheScrollTests" */ = {
			isa = XCConfigurationList;
			buildConfigurations = (
				9BA6DD6D1D5C9F4100AD6B19 /* Debug */,
				9BA6DD6E1D5C9F4100AD6B19 /* Release */,
			);
			defaultConfigurationIsVisible = 0;
		};
		9BA6DD6F1D5C9F4100AD6B19 /* Build configuration list for PBXNativeTarget "PageTheScrollUITests" */ = {
			isa = XCConfigurationList;
			buildConfigurations = (
				9BA6DD701D5C9F4100AD6B19 /* Debug */,
				9BA6DD711D5C9F4100AD6B19 /* Release */,
			);
			defaultConfigurationIsVisible = 0;
		};
/* End XCConfigurationList section */

/* Begin XCVersionGroup section */
		9BA6DD481D5C9F4000AD6B19 /* PageTheScroll.xcdatamodeld */ = {
			isa = XCVersionGroup;
			children = (
				9BA6DD491D5C9F4000AD6B19 /* PageTheScroll.xcdatamodel */,
			);
			currentVersion = 9BA6DD491D5C9F4000AD6B19 /* PageTheScroll.xcdatamodel */;
			path = PageTheScroll.xcdatamodeld;
			sourceTree = "<group>";
			versionGroupType = wrapper.xcdatamodel;
		};
/* End XCVersionGroup section */
	};
	rootObject = 9BA6DD361D5C9F4000AD6B19 /* Project object */;
}
